<?xml version="1.0" encoding="utf-8"?>
<Project ToolsVersion="4.0" xmlns="http://schemas.microsoft.com/developer/msbuild/2003">
  <ItemGroup>
    <Filter Include="win32">
      <UniqueIdentifier>{84a8ebd7-7cf0-47f6-b75e-d441df67da40}</UniqueIdentifier>
    </Filter>
    <Filter Include="resource">
      <UniqueIdentifier>{715254bc-d70b-4ec5-bf29-467dd3ace079}</UniqueIdentifier>
    </Filter>
    <Filter Include="scenes">
      <UniqueIdentifier>{db7b73cc-fbc3-4363-ab31-308a55d9ed04}</UniqueIdentifier>
    </Filter>
    <Filter Include="airplane">
      <UniqueIdentifier>{47bd5737-e819-4a93-9c20-c28b8881e9fe}</UniqueIdentifier>
    </Filter>
    <Filter Include="sky">
      <UniqueIdentifier>{201d4a52-44af-489e-b96b-0938a7fa6a4d}</UniqueIdentifier>
    </Filter>
    <Filter Include="passenger">
      <UniqueIdentifier>{0e7176fa-d40d-4870-b727-16ea57230f93}</UniqueIdentifier>
    </Filter>
    <Filter Include="SoundManager">
      <UniqueIdentifier>{4e69710b-7d1a-4ff1-8eeb-f75be92d16fb}</UniqueIdentifier>
    </Filter>
  </ItemGroup>
  <ItemGroup>
    <ClCompile Include="main.cpp">
      <Filter>win32</Filter>
    </ClCompile>
    <ClCompile Include="..\Classes\AppDelegate.cpp" />
    <ClCompile Include="..\Classes\Helpers.cpp" />
    <ClCompile Include="..\Classes\scenes\SceneFinish.cpp">
      <Filter>scenes</Filter>
    </ClCompile>
    <ClCompile Include="..\Classes\scenes\SceneGame.cpp">
      <Filter>scenes</Filter>
    </ClCompile>
    <ClCompile Include="..\Classes\scenes\SceneMenu.cpp">
      <Filter>scenes</Filter>
    </ClCompile>
    <ClCompile Include="..\Classes\airplane\Airplane.cpp">
      <Filter>airplane</Filter>
    </ClCompile>
    <ClCompile Include="..\Classes\airplane\Character.cpp">
      <Filter>airplane</Filter>
    </ClCompile>
    <ClCompile Include="..\Classes\sky\Sky.cpp">
      <Filter>sky</Filter>
    </ClCompile>
    <ClCompile Include="..\Classes\passenger\Passenger.cpp">
      <Filter>passenger</Filter>
    </ClCompile>
    <ClCompile Include="..\Classes\passenger\Steward.cpp">
      <Filter>passenger</Filter>
    </ClCompile>
    <ClCompile Include="..\Classes\passenger\Man.cpp">
      <Filter>passenger</Filter>
    </ClCompile>
    <ClCompile Include="..\Classes\passenger\Trolley.cpp">
      <Filter>passenger</Filter>
    </ClCompile>
    <ClCompile Include="..\Classes\airplane\Toilet.cpp">
      <Filter>airplane</Filter>
    </ClCompile>
    <ClCompile Include="..\Classes\SoundManager\SoundManager.cpp">
      <Filter>SoundManager</Filter>
    </ClCompile>
    <ClCompile Include="..\Classes\UserGameData.cpp" />
    <ClCompile Include="..\Classes\passenger\Pilot.cpp">
      <Filter>passenger</Filter>
    </ClCompile>
    <ClCompile Include="..\Classes\airplane\HandLuggageSpaces.cpp">
      <Filter>airplane</Filter>
    </ClCompile>
    <ClCompile Include="..\Classes\passenger\Nerd.cpp">
      <Filter>passenger</Filter>
    </ClCompile>
  </ItemGroup>
  <ItemGroup>
    <ClInclude Include="main.h">
      <Filter>win32</Filter>
    </ClInclude>
    <ClInclude Include="..\Classes\AppDelegate.h" />
    <ClInclude Include="..\Classes\Helpers.h" />
    <ClInclude Include="..\Classes\scenes\SceneMenu.h">
      <Filter>scenes</Filter>
    </ClInclude>
    <ClInclude Include="..\Classes\scenes\SceneFinish.h">
      <Filter>scenes</Filter>
    </ClInclude>
    <ClInclude Include="..\Classes\scenes\SceneGame.h">
      <Filter>scenes</Filter>
    </ClInclude>
    <ClInclude Include="..\Classes\airplane\Airplane.h">
      <Filter>airplane</Filter>
    </ClInclude>
    <ClInclude Include="..\Classes\airplane\Character.h">
      <Filter>airplane</Filter>
    </ClInclude>
    <ClInclude Include="..\Classes\sky\Sky.h">
      <Filter>sky</Filter>
    </ClInclude>
    <ClInclude Include="..\Classes\passenger\Passenger.h">
      <Filter>passenger</Filter>
    </ClInclude>
    <ClInclude Include="..\Classes\passenger\Steward.h">
      <Filter>passenger</Filter>
    </ClInclude>
    <ClInclude Include="..\Classes\passenger\Man.h">
      <Filter>passenger</Filter>
    </ClInclude>
    <ClInclude Include="..\Classes\passenger\Trolley.h">
      <Filter>passenger</Filter>
    </ClInclude>
    <ClInclude Include="..\Classes\airplane\Toilet.h">
      <Filter>airplane</Filter>
    </ClInclude>
    <ClInclude Include="..\Classes\SoundManager\SoundManager.h">
      <Filter>SoundManager</Filter>
    </ClInclude>
    <ClInclude Include="..\Classes\UserGameData.h" />
    <ClInclude Include="..\Classes\passenger\Pilot.h">
      <Filter>passenger</Filter>
    </ClInclude>
    <ClInclude Include="..\Classes\airplane\HandLuggageSpaces.h">
      <Filter>airplane</Filter>
    </ClInclude>
    <ClInclude Include="..\Classes\passenger\Nerd.h">
      <Filter>passenger</Filter>
    </ClInclude>
  </ItemGroup>
  <ItemGroup>
    <ResourceCompile Include="game.rc">
      <Filter>resource</Filter>
    </ResourceCompile>
  </ItemGroup>
</Project>